
Microsoft Visual Studio Solution File, Format Version 12.00
# Visual Studio 2012
Project("{FAE04EC0-301F-11D3-BF4B-00C04F79EFBC}") = "autoUpdaterClickOnce", "autoUpdaterClickOnce\autoUpdaterClickOnce.csproj", "{35A468B8-7385-4CC5-95BD-BDB15B05C63D}"
EndProject
Global
	GlobalSection(SolutionConfigurationPlatforms) = preSolution
		Debug|Any CPU = Debug|Any CPU
		Release|Any CPU = Release|Any CPU
	EndGlobalSection
	GlobalSection(ProjectConfigurationPlatforms) = postSolution
		{35A468B8-7385-4CC5-95BD-BDB15B05C63D}.Debug|Any CPU.ActiveCfg = Debug|Any CPU
		{35A468B8-7385-4CC5-95BD-BDB15B05C63D}.Debug|Any CPU.Build.0 = Debug|Any CPU
		{35A468B8-7385-4CC5-95BD-BDB15B05C63D}.Release|Any CPU.ActiveCfg = Release|Any CPU
		{35A468B8-7385-4CC5-95BD-BDB15B05C63D}.Release|Any CPU.Build.0 = Release|Any CPU
	EndGlobalSection
	GlobalSection(SolutionProperties) = preSolution
		HideSolutionNode = FALSE
	EndGlobalSection
EndGlobal
